
Microsoft Visual Studio Solution File, Format Version 12.00
# Visual Studio Version 16
VisualStudioVersion = 16.0.31624.102
MinimumVisualStudioVersion = 10.0.40219.1
Project("{FAE04EC0-301F-11D3-BF4B-00C04F79EFBC}") = "ServerConfigRest_20190140087_AndriFanky", "ServerConfigRest_20190140087_AndriFanky\ServerConfigRest_20190140087_AndriFanky.csproj", "{6C299F78-4816-4303-AD62-049379B39F0C}"
EndProject
Global
	GlobalSection(SolutionConfigurationPlatforms) = preSolution
		Debug|Any CPU = Debug|Any CPU
		Release|Any CPU = Release|Any CPU
	EndGlobalSection
	GlobalSection(ProjectConfigurationPlatforms) = postSolution
		{6C299F78-4816-4303-AD62-049379B39F0C}.Debug|Any CPU.ActiveCfg = Debug|Any CPU
		{6C299F78-4816-4303-AD62-049379B39F0C}.Debug|Any CPU.Build.0 = Debug|Any CPU
		{6C299F78-4816-4303-AD62-049379B39F0C}.Release|Any CPU.ActiveCfg = Release|Any CPU
		{6C299F78-4816-4303-AD62-049379B39F0C}.Release|Any CPU.Build.0 = Release|Any CPU
	EndGlobalSection
	GlobalSection(SolutionProperties) = preSolution
		HideSolutionNode = FALSE
	EndGlobalSection
	GlobalSection(ExtensibilityGlobals) = postSolution
		SolutionGuid = {F6EE3733-72F3-40BB-903D-CDD0169FA74C}
	EndGlobalSection
EndGlobal
